
Microsoft Visual Studio Solution File, Format Version 12.00
# Visual Studio 15
VisualStudioVersion = 15.0.28010.2041
MinimumVisualStudioVersion = 10.0.40219.1
Project("{FAE04EC0-301F-11D3-BF4B-00C04F79EFBC}") = "Ross", "Ross\Ross.csproj", "{A49269E0-BD88-4C1D-9150-DF047F6392DB}"
EndProject
Global
	GlobalSection(SolutionConfigurationPlatforms) = preSolution
		Debug|Any CPU = Debug|Any CPU
		Release|Any CPU = Release|Any CPU
	EndGlobalSection
	GlobalSection(ProjectConfigurationPlatforms) = postSolution
		{A49269E0-BD88-4C1D-9150-DF047F6392DB}.Debug|Any CPU.ActiveCfg = Debug|Any CPU
		{A49269E0-BD88-4C1D-9150-DF047F6392DB}.Debug|Any CPU.Build.0 = Debug|Any CPU
		{A49269E0-BD88-4C1D-9150-DF047F6392DB}.Release|Any CPU.ActiveCfg = Release|Any CPU
		{A49269E0-BD88-4C1D-9150-DF047F6392DB}.Release|Any CPU.Build.0 = Release|Any CPU
	EndGlobalSection
	GlobalSection(SolutionProperties) = preSolution
		HideSolutionNode = FALSE
	EndGlobalSection
	GlobalSection(ExtensibilityGlobals) = postSolution
		SolutionGuid = {7A12A6A0-C670-4CDD-AD83-BB32A148B4D0}
	EndGlobalSection
EndGlobal
